Microsoft Visual Studio Solution File, Format Version 11.00
# Visual Studio 2008

Project("{6786B656-4DA4-C756-FFA9-FB52F50CB7BE}") = "UhoUho", "Assembly-CSharp-firstpass-vs.csproj", "{FA5F260C-C4EE-5256-9C2B-8BF20C680F88}"
EndProject
Project("{6786B656-4DA4-C756-FFA9-FB52F50CB7BE}") = "UhoUho", "Assembly-CSharp-vs.csproj", "{50A819FE-7042-3798-E14E-93458B7BC069}"
EndProject
Project("{6786B656-4DA4-C756-FFA9-FB52F50CB7BE}") = "UhoUho", "Assembly-CSharp-Editor-vs.csproj", "{608FFCC2-6E82-E3B5-F718-4C9D08F20AA7}"
EndProject
Global
	GlobalSection(SolutionConfigurationPlatforms) = preSolution
		Debug|Any CPU = Debug|Any CPU
		Release|Any CPU = Release|Any CPU
	EndGlobalSection
	GlobalSection(ProjectConfigurationPlatforms) = postSolution
		{FA5F260C-C4EE-5256-9C2B-8BF20C680F88}.Debug|Any CPU.ActiveCfg = Debug|Any CPU
		{FA5F260C-C4EE-5256-9C2B-8BF20C680F88}.Debug|Any CPU.Build.0 = Debug|Any CPU
		{FA5F260C-C4EE-5256-9C2B-8BF20C680F88}.Release|Any CPU.ActiveCfg = Release|Any CPU
		{FA5F260C-C4EE-5256-9C2B-8BF20C680F88}.Release|Any CPU.Build.0 = Release|Any CPU
		{50A819FE-7042-3798-E14E-93458B7BC069}.Debug|Any CPU.ActiveCfg = Debug|Any CPU
		{50A819FE-7042-3798-E14E-93458B7BC069}.Debug|Any CPU.Build.0 = Debug|Any CPU
		{50A819FE-7042-3798-E14E-93458B7BC069}.Release|Any CPU.ActiveCfg = Release|Any CPU
		{50A819FE-7042-3798-E14E-93458B7BC069}.Release|Any CPU.Build.0 = Release|Any CPU
		{608FFCC2-6E82-E3B5-F718-4C9D08F20AA7}.Debug|Any CPU.ActiveCfg = Debug|Any CPU
		{608FFCC2-6E82-E3B5-F718-4C9D08F20AA7}.Debug|Any CPU.Build.0 = Debug|Any CPU
		{608FFCC2-6E82-E3B5-F718-4C9D08F20AA7}.Release|Any CPU.ActiveCfg = Release|Any CPU
		{608FFCC2-6E82-E3B5-F718-4C9D08F20AA7}.Release|Any CPU.Build.0 = Release|Any CPU
	EndGlobalSection
	GlobalSection(SolutionProperties) = preSolution
		HideSolutionNode = FALSE
	EndGlobalSection
																																																																													GlobalSection(MonoDevelopProperties) = preSolution
		StartupItem = Assembly-CSharp.csproj
		Policies = $0
		$0.TextStylePolicy = $1
		$1.inheritsSet = null
		$1.scope = text/x-csharp
		$0.CSharpFormattingPolicy = $2
		$2.inheritsSet = Mono
		$2.inheritsScope = text/x-csharp
		$2.scope = text/x-csharp
		$0.TextStylePolicy = $3
		$3.FileWidth = 120
		$3.TabWidth = 4
		$3.IndentWidth = 4
		$3.EolMarker = Unix
		$3.inheritsSet = Mono
		$3.inheritsScope = text/plain
		$3.scope = text/plain
	EndGlobalSection

EndGlobal
